# This file is automatically @generated by Cargo.
# It is not intended for manual editing.
version = 4

[[package]]
name = "gijirec-application"
version = "0.1.0"
dependencies = [
 "gijirec-domain",
]

[[package]]
name = "gijirec-domain"
version = "0.1.0"

[[package]]
name = "gijirec-infrastructure"
version = "0.1.0"
dependencies = [
 "gijirec-domain",
]

[[package]]
name = "gijirec-presentation"
version = "0.1.0"
dependencies = [
 "gijirec-application",
 "gijirec-domain",
 "gijirec-infrastructure",
]
